// !$*UTF8*$!
{
	archiveVersion = 1;
	classes = {
	};
	objectVersion = 46;
	objects = {

/* Begin PBXBuildFile section */
		271172DB1F0B190400164074 /* AppDelegate.swift in Sources */ = {isa = PBXBuildFile; fileRef = 271172DA1F0B190400164074 /* AppDelegate.swift */; };
		271172DD1F0B190400164074 /* ViewController.swift in Sources */ = {isa = PBXBuildFile; fileRef = 271172DC1F0B190400164074 /* ViewController.swift */; };
		271172E01F0B190400164074 /* Main.storyboard in Resources */ = {isa = PBXBuildFile; fileRef = 271172DE1F0B190400164074 /* Main.storyboard */; };
		271172E21F0B190400164074 /* Assets.xcassets in Resources */ = {isa = PBXBuildFile; fileRef = 271172E11F0B190400164074 /* Assets.xcassets */; };
		271172E51F0B190400164074 /* LaunchScreen.storyboard in Resources */ = {isa = PBXBuildFile; fileRef = 271172E31F0B190400164074 /* LaunchScreen.storyboard */; };
		271172ED1F0B26D500164074 /* Transaction.swift in Sources */ = {isa = PBXBuildFile; fileRef = 271172EC1F0B26D500164074 /* Transaction.swift */; };
/* End PBXBuildFile section */

/* Begin PBXFileReference section */
		271172D71F0B190400164074 /* TestCallApi.app */ = {isa = PBXFileReference; explicitFileType = wrapper.application; includeInIndex = 0; path = TestCallApi.app; sourceTree = BUILT_PRODUCTS_DIR; };
		271172DA1F0B190400164074 /* AppDelegate.swift */ = {isa = PBXFileReference; lastKnownFileType = sourcecode.swift; path = AppDelegate.swift; sourceTree = "<group>"; };
		271172DC1F0B190400164074 /* ViewController.swift */ = {isa = PBXFileReference; lastKnownFileType = sourcecode.swift; path = ViewController.swift; sourceTree = "<group>"; };
		271172DF1F0B190400164074 /* Base */ = {isa = PBXFileReference; lastKnownFileType = file.storyboard; name = Base; path = Base.lproj/Main.storyboard; sourceTree = "<group>"; };
		271172E11F0B190400164074 /* Assets.xcassets */ = {isa = PBXFileReference; lastKnownFileType = folder.assetcatalog; path = Assets.xcassets; sourceTree = "<group>"; };
		271172E41F0B190400164074 /* Base */ = {isa = PBXFileReference; lastKnownFileType = file.storyboard; name = Base; path = Base.lproj/LaunchScreen.storyboard; sourceTree = "<group>"; };
		271172E61F0B190400164074 /* Info.plist */ = {isa = PBXFileReference; lastKnownFileType = text.plist.xml; path = Info.plist; sourceTree = "<group>"; };
		271172EC1F0B26D500164074 /* Transaction.swift */ = {isa = PBXFileReference; fileEncoding = 4; lastKnownFileType = sourcecode.swift; path = Transaction.swift; sourceTree = "<group>"; };
/* End PBXFileReference section */

/* Begin PBXFrameworksBuildPhase section */
		271172D41F0B190400164074 /* Frameworks */ = {
			isa = PBXFrameworksBuildPhase;
			buildActionMask = 2147483647;
			files = (
			);
			runOnlyForDeploymentPostprocessing = 0;
		};
/* End PBXFrameworksBuildPhase section */

/* Begin PBXGroup section */
		271172CE1F0B190400164074 = {
			isa = PBXGroup;
			children = (
				271172D91F0B190400164074 /* TestCallApi */,
				271172D81F0B190400164074 /* Products */,
			);
			sourceTree = "<group>";
		};
		271172D81F0B190400164074 /* Products */ = {
			isa = PBXGroup;
			children = (
				271172D71F0B190400164074 /* TestCallApi.app */,
			);
			name = Products;
			sourceTree = "<group>";
		};
		271172D91F0B190400164074 /* TestCallApi */ = {
			isa = PBXGroup;
			children = (
				271172DA1F0B190400164074 /* AppDelegate.swift */,
				271172DC1F0B190400164074 /* ViewController.swift */,
				271172DE1F0B190400164074 /* Main.storyboard */,
				271172E11F0B190400164074 /* Assets.xcassets */,
				271172E31F0B190400164074 /* LaunchScreen.storyboard */,
				271172E61F0B190400164074 /* Info.plist */,
				271172EC1F0B26D500164074 /* Transaction.swift */,
			);
			path = TestCallApi;
			sourceTree = "<group>";
		};
/* End PBXGroup section */

/* Begin PBXNativeTarget section */
		271172D61F0B190400164074 /* TestCallApi */ = {
			isa = PBXNativeTarget;
			buildConfigurationList = 271172E91F0B190400164074 /* Build configuration list for PBXNativeTarget "TestCallApi" */;
			buildPhases = (
				271172D31F0B190400164074 /* Sources */,
				271172D41F0B190400164074 /* Frameworks */,
				271172D51F0B190400164074 /* Resources */,
			);
			buildRules = (
			);
			dependencies = (
			);
			name = TestCallApi;
			productName = TestCallApi;
			productReference = 271172D71F0B190400164074 /* TestCallApi.app */;
			productType = "com.apple.product-type.application";
		};
/* End PBXNativeTarget section */

/* Begin PBXProject section */
		271172CF1F0B190400164074 /* Project object */ = {
			isa = PBXProject;
			attributes = {
				LastSwiftUpdateCheck = 0830;
				LastUpgradeCheck = 0830;
				ORGANIZATIONNAME = "Andrew Allshouse";
				TargetAttributes = {
					271172D61F0B190400164074 = {
						CreatedOnToolsVersion = 8.3.3;
						ProvisioningStyle = Automatic;
					};
				};
			};
			buildConfigurationList = 271172D21F0B190400164074 /* Build configuration list for PBXProject "TestCallApi" */;
			compatibilityVersion = "Xcode 3.2";
			developmentRegion = English;
			hasScannedForEncodings = 0;
			knownRegions = (
				en,
				Base,
			);
			mainGroup = 271172CE1F0B190400164074;
			productRefGroup = 271172D81F0B190400164074 /* Products */;
			projectDirPath = "";
			projectRoot = "";
			targets = (
				271172D61F0B190400164074 /* TestCallApi */,
			);
		};
/* End PBXProject section */

/* Begin PBXResourcesBuildPhase section */
		271172D51F0B190400164074 /* Resources */ = {
			isa = PBXResourcesBuildPhase;
			buildActionMask = 2147483647;
			files = (
				271172E51F0B190400164074 /* LaunchScreen.storyboard in Resources */,
				271172E21F0B190400164074 /* Assets.xcassets in Resources */,
				271172E01F0B190400164074 /* Main.storyboard in Resources */,
			);
			runOnlyForDeploymentPostprocessing = 0;
		};
/* End PBXResourcesBuildPhase section */

/* Begin PBXSourcesBuildPhase section */
		271172D31F0B190400164074 /* Sources */ = {
			isa = PBXSourcesBuildPhase;
			buildActionMask = 2147483647;
			files = (
				271172DD1F0B190400164074 /* ViewController.swift in Sources */,
				271172DB1F0B190400164074 /* AppDelegate.swift in Sources */,
				271172ED1F0B26D500164074 /* Transaction.swift in Sources */,
			);
			runOnlyForDeploymentPostprocessing = 0;
		};
/* End PBXSourcesBuildPhase section */

/* Begin PBXVariantGroup section */
		271172DE1F0B190400164074 /* Main.storyboard */ = {
			isa = PBXVariantGroup;
			children = (
				271172DF1F0B190400164074 /* Base */,
			);
			name = Main.storyboard;
			sourceTree = "<group>";
		};
		271172E31F0B190400164074 /* LaunchScreen.storyboard */ = {
			isa = PBXVariantGroup;
			children = (
				271172E41F0B190400164074 /* Base */,
			);
			name = LaunchScreen.storyboard;
			sourceTree = "<group>";
		};
/* End PBXVariantGroup section */

/* Begin XCBuildConfiguration section */
		271172E71F0B190400164074 /* Debug */ = {
			isa = XCBuildConfiguration;
			buildSettings = {
				ALWAYS_SEARCH_USER_PATHS = NO;
				CLANG_ANALYZER_NONNULL = YES;
				CLANG_ANALYZER_NUMBER_OBJECT_CONVERSION = YES_AGGRESSIVE;
				CLANG_CXX_LANGUAGE_STANDARD = "gnu++0x";
				CLANG_CXX_LIBRARY = "libc++";
				CLANG_ENABLE_MODULES = YES;
				CLANG_ENABLE_OBJC_ARC = YES;
				CLANG_WARN_BOOL_CONVERSION = YES;
				CLANG_WARN_CONSTANT_CONVERSION = YES;
				CLANG_WARN_DIRECT_OBJC_ISA_USAGE = YES_ERROR;
				CLANG_WARN_DOCUMENTATION_COMMENTS = YES;
				CLANG_WARN_EMPTY_BODY = YES;
				CLANG_WARN_ENUM_CONVERSION = YES;
				CLANG_WARN_INFINITE_RECURSION = YES;
				CLANG_WARN_INT_CONVERSION = YES;
				CLANG_WARN_OBJC_ROOT_CLASS = YES_ERROR;
				CLANG_WARN_SUSPICIOUS_MOVE = YES;
				CLANG_WARN_UNREACHABLE_CODE = YES;
				CLANG_WARN__DUPLICATE_METHOD_MATCH = YES;
				"CODE_SIGN_IDENTITY[sdk=iphoneos*]" = "iPhone Developer";
				COPY_PHASE_STRIP = NO;
				DEBUG_INFORMATION_FORMAT = dwarf;
				ENABLE_STRICT_OBJC_MSGSEND = YES;
				ENABLE_TESTABILITY = YES;
				GCC_C_LANGUAGE_STANDARD = gnu99;
				GCC_DYNAMIC_NO_PIC = NO;
				GCC_NO_COMMON_BLOCKS = YES;
				GCC_OPTIMIZATION_LEVEL = 0;
				GCC_PREPROCESSOR_DEFINITIONS = (
					"DEBUG=1",
					"$(inherited)",
				);
				GCC_WARN_64_TO_32_BIT_CONVERSION = YES;
				GCC_WARN_ABOUT_RETURN_TYPE = YES_ERROR;
				GCC_WARN_UNDECLARED_SELECTOR = YES;
				GCC_WARN_UNINITIALIZED_AUTOS = YES_AGGRESSIVE;
				GCC_WARN_UNUSED_FUNCTION = YES;
				GCC_WARN_UNUSED_VARIABLE = YES;
				IPHONEOS_DEPLOYMENT_TARGET = 10.3;
				MTL_ENABLE_DEBUG_INFO = YES;
				ONLY_ACTIVE_ARCH = YES;
				SDKROOT = iphoneos;
				SWIFT_ACTIVE_COMPILATION_CONDITIONS = DEBUG;
				SWIFT_OPTIMIZATION_LEVEL = "-Onone";
			};
			name = Debug;
		};
		271172E81F0B190400164074 /* Release */ = {
			isa = XCBuildConfiguration;
			buildSettings = {
				ALWAYS_SEARCH_USER_PATHS = NO;
				CLANG_ANALYZER_NONNULL = YES;
				CLANG_ANALYZER_NUMBER_OBJECT_CONVERSION = YES_AGGRESSIVE;
				CLANG_CXX_LANGUAGE_STANDARD = "gnu++0x";
				CLANG_CXX_LIBRARY = "libc++";
				CLANG_ENABLE_MODULES = YES;
				CLANG_ENABLE_OBJC_ARC = YES;
				CLANG_WARN_BOOL_CONVERSION = YES;
				CLANG_WARN_CONSTANT_CONVERSION = YES;
				CLANG_WARN_DIRECT_OBJC_ISA_USAGE = YES_ERROR;
				CLANG_WARN_DOCUMENTATION_COMMENTS = YES;
				CLANG_WARN_EMPTY_BODY = YES;
				CLANG_WARN_ENUM_CONVERSION = YES;
				CLANG_WARN_INFINITE_RECURSION = YES;
				CLANG_WARN_INT_CONVERSION = YES;
				CLANG_WARN_OBJC_ROOT_CLASS = YES_ERROR;
				CLANG_WARN_SUSPICIOUS_MOVE = YES;
				CLANG_WARN_UNREACHABLE_CODE = YES;
				CLANG_WARN__DUPLICATE_METHOD_MATCH = YES;
				"CODE_SIGN_IDENTITY[sdk=iphoneos*]" = "iPhone Developer";
				COPY_PHASE_STRIP = NO;
				DEBUG_INFORMATION_FORMAT = "dwarf-with-dsym";
				ENABLE_NS_ASSERTIONS = NO;
				ENABLE_STRICT_OBJC_MSGSEND = YES;
				GCC_C_LANGUAGE_STANDARD = gnu99;
				GCC_NO_COMMON_BLOCKS = YES;
				GCC_WARN_64_TO_32_BIT_CONVERSION = YES;
				GCC_WARN_ABOUT_RETURN_TYPE = YES_ERROR;
				GCC_WARN_UNDECLARED_SELECTOR = YES;
				GCC_WARN_UNINITIALIZED_AUTOS = YES_AGGRESSIVE;
				GCC_WARN_UNUSED_FUNCTION = YES;
				GCC_WARN_UNUSED_VARIABLE = YES;
				IPHONEOS_DEPLOYMENT_TARGET = 10.3;
				MTL_ENABLE_DEBUG_INFO = NO;
				SDKROOT = iphoneos;
				SWIFT_OPTIMIZATION_LEVEL = "-Owholemodule";
				VALIDATE_PRODUCT = YES;
			};
			name = Release;
		};
		271172EA1F0B190400164074 /* Debug */ = {
			isa = XCBuildConfiguration;
			buildSettings = {
				ASSETCATALOG_COMPILER_APPICON_NAME = AppIcon;
				INFOPLIST_FILE = TestCallApi/Info.plist;
				LD_RUNPATH_SEARCH_PATHS = "$(inherited) @executable_path/Frameworks";
				PRODUCT_BUNDLE_IDENTIFIER = com.andrew.allshouse.TestCallApi;
				PRODUCT_NAME = "$(TARGET_NAME)";
				SWIFT_VERSION = 3.0;
			};
			name = Debug;
		};
		271172EB1F0B190400164074 /* Release */ = {
			isa = XCBuildConfiguration;
			buildSettings = {
				ASSETCATALOG_COMPILER_APPICON_NAME = AppIcon;
				INFOPLIST_FILE = TestCallApi/Info.plist;
				LD_RUNPATH_SEARCH_PATHS = "$(inherited) @executable_path/Frameworks";
				PRODUCT_BUNDLE_IDENTIFIER = com.andrew.allshouse.TestCallApi;
				PRODUCT_NAME = "$(TARGET_NAME)";
				SWIFT_VERSION = 3.0;
			};
			name = Release;
		};
/* End XCBuildConfiguration section */

/* Begin XCConfigurationList section */
		271172D21F0B190400164074 /* Build configuration list for PBXProject "TestCallApi" */ = {
			isa = XCConfigurationList;
			buildConfigurations = (
				271172E71F0B190400164074 /* Debug */,
				271172E81F0B190400164074 /* Release */,
			);
			defaultConfigurationIsVisible = 0;
			defaultConfigurationName = Release;
		};
		271172E91F0B190400164074 /* Build configuration list for PBXNativeTarget "TestCallApi" */ = {
			isa = XCConfigurationList;
			buildConfigurations = (
				271172EA1F0B190400164074 /* Debug */,
				271172EB1F0B190400164074 /* Release */,
			);
			defaultConfigurationIsVisible = 0;
		};
/* End XCConfigurationList section */
	};
	rootObject = 271172CF1F0B190400164074 /* Project object */;
}
